
Microsoft Visual Studio Solution File, Format Version 9.00
# Visual C++ Express 2005
Project("{8BC9CEB8-8B4A-11D0-8D11-00A0C91BC942}") = "serialTool", "serialTool\serialTool.vcproj", "{AD9644CE-7E07-46DF-9CE5-61AB05047E65}"
EndProject
Global
	GlobalSection(SolutionConfigurationPlatforms) = preSolution
		Debug|Win32 = Debug|Win32
		Release|Win32 = Release|Win32
	EndGlobalSection
	GlobalSection(ProjectConfigurationPlatforms) = postSolution
		{AD9644CE-7E07-46DF-9CE5-61AB05047E65}.Debug|Win32.ActiveCfg = Debug|Win32
		{AD9644CE-7E07-46DF-9CE5-61AB05047E65}.Debug|Win32.Build.0 = Debug|Win32
		{AD9644CE-7E07-46DF-9CE5-61AB05047E65}.Release|Win32.ActiveCfg = Release|Win32
		{AD9644CE-7E07-46DF-9CE5-61AB05047E65}.Release|Win32.Build.0 = Release|Win32
	EndGlobalSection
	GlobalSection(SolutionProperties) = preSolution
		HideSolutionNode = FALSE
	EndGlobalSection
EndGlobal
